
Microsoft Visual Studio Solution File, Format Version 12.00
# Visual Studio Version 17
VisualStudioVersion = 17.0.32112.339
MinimumVisualStudioVersion = 10.0.40219.1
Project("{9A19103F-16F7-4668-BE54-9A1E7A4F7556}") = "BreakfastBuffet", "BreakfastBuffet\BreakfastBuffet.csproj", "{B3E94BA4-7941-4BEA-9AB4-682EEF55C83F}"
EndProject
Global
	GlobalSection(SolutionConfigurationPlatforms) = preSolution
		Debug|Any CPU = Debug|Any CPU
		Release|Any CPU = Release|Any CPU
	EndGlobalSection
	GlobalSection(ProjectConfigurationPlatforms) = postSolution
		{B3E94BA4-7941-4BEA-9AB4-682EEF55C83F}.Debug|Any CPU.ActiveCfg = Debug|Any CPU
		{B3E94BA4-7941-4BEA-9AB4-682EEF55C83F}.Debug|Any CPU.Build.0 = Debug|Any CPU
		{B3E94BA4-7941-4BEA-9AB4-682EEF55C83F}.Release|Any CPU.ActiveCfg = Release|Any CPU
		{B3E94BA4-7941-4BEA-9AB4-682EEF55C83F}.Release|Any CPU.Build.0 = Release|Any CPU
	EndGlobalSection
	GlobalSection(SolutionProperties) = preSolution
		HideSolutionNode = FALSE
	EndGlobalSection
	GlobalSection(ExtensibilityGlobals) = postSolution
		SolutionGuid = {D98E2FBF-10C3-4B3B-880D-E78742E382F6}
	EndGlobalSection
EndGlobal
